
Microsoft Visual Studio Solution File, Format Version 12.00
# Visual Studio Version 17
VisualStudioVersion = 17.9.34723.18
MinimumVisualStudioVersion = 10.0.40219.1
Project("{9A19103F-16F7-4668-BE54-9A1E7A4F7556}") = "TermiSharp", "src\TermiSharp.csproj", "{5EA2B2C8-DEE8-4E95-95C2-4A2EEEC3C8F5}"
EndProject
Project("{2150E333-8FDC-42A3-9474-1A3956D46DE8}") = "modules", "modules", "{E315397C-67F5-4B00-B3DF-757E21C14D28}"
EndProject
Project("{9A19103F-16F7-4668-BE54-9A1E7A4F7556}") = "LunaPlayerAPI", "modules\LunaPlayerAPI\LunaPlayerAPI.csproj", "{E152B658-2AD3-442C-99A4-DD62E7940E45}"
EndProject
Project("{9A19103F-16F7-4668-BE54-9A1E7A4F7556}") = "TClient", "modules\TClient\TClient.csproj", "{4C1A6B5C-2466-4878-A813-141F6EE76D35}"
EndProject
Global
	GlobalSection(SolutionConfigurationPlatforms) = preSolution
		Debug|Any CPU = Debug|Any CPU
		Release|Any CPU = Release|Any CPU
	EndGlobalSection
	GlobalSection(ProjectConfigurationPlatforms) = postSolution
		{5EA2B2C8-DEE8-4E95-95C2-4A2EEEC3C8F5}.Debug|Any CPU.ActiveCfg = Debug|Any CPU
		{5EA2B2C8-DEE8-4E95-95C2-4A2EEEC3C8F5}.Debug|Any CPU.Build.0 = Debug|Any CPU
		{5EA2B2C8-DEE8-4E95-95C2-4A2EEEC3C8F5}.Release|Any CPU.ActiveCfg = Release|Any CPU
		{5EA2B2C8-DEE8-4E95-95C2-4A2EEEC3C8F5}.Release|Any CPU.Build.0 = Release|Any CPU
		{E152B658-2AD3-442C-99A4-DD62E7940E45}.Debug|Any CPU.ActiveCfg = Debug|Any CPU
		{E152B658-2AD3-442C-99A4-DD62E7940E45}.Debug|Any CPU.Build.0 = Debug|Any CPU
		{E152B658-2AD3-442C-99A4-DD62E7940E45}.Release|Any CPU.ActiveCfg = Release|Any CPU
		{E152B658-2AD3-442C-99A4-DD62E7940E45}.Release|Any CPU.Build.0 = Release|Any CPU
		{4C1A6B5C-2466-4878-A813-141F6EE76D35}.Debug|Any CPU.ActiveCfg = Debug|Any CPU
		{4C1A6B5C-2466-4878-A813-141F6EE76D35}.Debug|Any CPU.Build.0 = Debug|Any CPU
		{4C1A6B5C-2466-4878-A813-141F6EE76D35}.Release|Any CPU.ActiveCfg = Release|Any CPU
		{4C1A6B5C-2466-4878-A813-141F6EE76D35}.Release|Any CPU.Build.0 = Release|Any CPU
	EndGlobalSection
	GlobalSection(SolutionProperties) = preSolution
		HideSolutionNode = FALSE
	EndGlobalSection
	GlobalSection(NestedProjects) = preSolution
		{E152B658-2AD3-442C-99A4-DD62E7940E45} = {E315397C-67F5-4B00-B3DF-757E21C14D28}
		{4C1A6B5C-2466-4878-A813-141F6EE76D35} = {E315397C-67F5-4B00-B3DF-757E21C14D28}
	EndGlobalSection
	GlobalSection(ExtensibilityGlobals) = postSolution
		SolutionGuid = {66B0FAF6-DFB7-48B5-B0FE-D1E71CC13083}
	EndGlobalSection
EndGlobal
